
Microsoft Visual Studio Solution File, Format Version 12.00
# Visual Studio Version 16
VisualStudioVersion = 16.0.31624.102
MinimumVisualStudioVersion = 10.0.40219.1
Project("{FAE04EC0-301F-11D3-BF4B-00C04F79EFBC}") = "WindowsFormsApp1", "WindowsFormsApp1.csproj", "{494DAD50-2DDC-4985-B391-DC93B5CDF70A}"
EndProject
Global
	GlobalSection(SolutionConfigurationPlatforms) = preSolution
		Debug|Any CPU = Debug|Any CPU
		Release|Any CPU = Release|Any CPU
	EndGlobalSection
	GlobalSection(ProjectConfigurationPlatforms) = postSolution
		{494DAD50-2DDC-4985-B391-DC93B5CDF70A}.Debug|Any CPU.ActiveCfg = Debug|Any CPU
		{494DAD50-2DDC-4985-B391-DC93B5CDF70A}.Debug|Any CPU.Build.0 = Debug|Any CPU
		{494DAD50-2DDC-4985-B391-DC93B5CDF70A}.Release|Any CPU.ActiveCfg = Release|Any CPU
		{494DAD50-2DDC-4985-B391-DC93B5CDF70A}.Release|Any CPU.Build.0 = Release|Any CPU
	EndGlobalSection
	GlobalSection(SolutionProperties) = preSolution
		HideSolutionNode = FALSE
	EndGlobalSection
	GlobalSection(ExtensibilityGlobals) = postSolution
		SolutionGuid = {EF32F499-4FC2-404D-8999-3BC7BA47DB50}
	EndGlobalSection
EndGlobal
